
Microsoft Visual Studio Solution File, Format Version 12.00
# Visual Studio Version 16
VisualStudioVersion = 16.0.29728.190
MinimumVisualStudioVersion = 10.0.40219.1
Project("{FAE04EC0-301F-11D3-BF4B-00C04F79EFBC}") = "PowerOutageParser", "PowerOutageParser\PowerOutageParser.csproj", "{3146366D-F1E4-47CF-8906-B85E58551747}"
EndProject
Global
	GlobalSection(SolutionConfigurationPlatforms) = preSolution
		Debug|Any CPU = Debug|Any CPU
		Release|Any CPU = Release|Any CPU
	EndGlobalSection
	GlobalSection(ProjectConfigurationPlatforms) = postSolution
		{3146366D-F1E4-47CF-8906-B85E58551747}.Debug|Any CPU.ActiveCfg = Debug|Any CPU
		{3146366D-F1E4-47CF-8906-B85E58551747}.Debug|Any CPU.Build.0 = Debug|Any CPU
		{3146366D-F1E4-47CF-8906-B85E58551747}.Release|Any CPU.ActiveCfg = Release|Any CPU
		{3146366D-F1E4-47CF-8906-B85E58551747}.Release|Any CPU.Build.0 = Release|Any CPU
	EndGlobalSection
	GlobalSection(SolutionProperties) = preSolution
		HideSolutionNode = FALSE
	EndGlobalSection
	GlobalSection(ExtensibilityGlobals) = postSolution
		SolutionGuid = {A585E9C6-B9D2-4CD9-82CF-CD41E9B7FF77}
	EndGlobalSection
EndGlobal
